
Microsoft Visual Studio Solution File, Format Version 12.00
# Visual Studio Version 17
VisualStudioVersion = 17.7.34221.43
MinimumVisualStudioVersion = 10.0.40219.1
Project("{9A19103F-16F7-4668-BE54-9A1E7A4F7556}") = "QuickGrid.Crud", "QuickGrid.Crud.csproj", "{151E47D7-6D69-4018-A166-593A5F5AAAE8}"
EndProject
Project("{9A19103F-16F7-4668-BE54-9A1E7A4F7556}") = "QuickGrid.Examples", "..\QuickGrid.Examples\QuickGrid.Examples.csproj", "{D7CCC7A1-FD68-487B-8F07-CF4EFFE414D5}"
EndProject
Global
	GlobalSection(SolutionConfigurationPlatforms) = preSolution
		Debug|Any CPU = Debug|Any CPU
		Release|Any CPU = Release|Any CPU
	EndGlobalSection
	GlobalSection(ProjectConfigurationPlatforms) = postSolution
		{151E47D7-6D69-4018-A166-593A5F5AAAE8}.Debug|Any CPU.ActiveCfg = Debug|Any CPU
		{151E47D7-6D69-4018-A166-593A5F5AAAE8}.Debug|Any CPU.Build.0 = Debug|Any CPU
		{151E47D7-6D69-4018-A166-593A5F5AAAE8}.Release|Any CPU.ActiveCfg = Release|Any CPU
		{151E47D7-6D69-4018-A166-593A5F5AAAE8}.Release|Any CPU.Build.0 = Release|Any CPU
		{D7CCC7A1-FD68-487B-8F07-CF4EFFE414D5}.Debug|Any CPU.ActiveCfg = Debug|Any CPU
		{D7CCC7A1-FD68-487B-8F07-CF4EFFE414D5}.Debug|Any CPU.Build.0 = Debug|Any CPU
		{D7CCC7A1-FD68-487B-8F07-CF4EFFE414D5}.Release|Any CPU.ActiveCfg = Release|Any CPU
		{D7CCC7A1-FD68-487B-8F07-CF4EFFE414D5}.Release|Any CPU.Build.0 = Release|Any CPU
	EndGlobalSection
	GlobalSection(SolutionProperties) = preSolution
		HideSolutionNode = FALSE
	EndGlobalSection
	GlobalSection(ExtensibilityGlobals) = postSolution
		SolutionGuid = {A5F0F755-3412-452B-8DA4-080BA1FA3A62}
	EndGlobalSection
EndGlobal
